
Microsoft Visual Studio Solution File, Format Version 12.00
# Visual Studio 15
VisualStudioVersion = 15.0.28307.779
MinimumVisualStudioVersion = 10.0.40219.1
Project("{FAE04EC0-301F-11D3-BF4B-00C04F79EFBC}") = "Dorset_OOP_Project", "Dorset_OOP_Project\Dorset_OOP_Project.csproj", "{EF7BAC48-7B30-4B2A-94F1-5D62A85C1D5F}"
EndProject
Global
	GlobalSection(SolutionConfigurationPlatforms) = preSolution
		Debug|Any CPU = Debug|Any CPU
		Release|Any CPU = Release|Any CPU
	EndGlobalSection
	GlobalSection(ProjectConfigurationPlatforms) = postSolution
		{EF7BAC48-7B30-4B2A-94F1-5D62A85C1D5F}.Debug|Any CPU.ActiveCfg = Debug|Any CPU
		{EF7BAC48-7B30-4B2A-94F1-5D62A85C1D5F}.Debug|Any CPU.Build.0 = Debug|Any CPU
		{EF7BAC48-7B30-4B2A-94F1-5D62A85C1D5F}.Release|Any CPU.ActiveCfg = Release|Any CPU
		{EF7BAC48-7B30-4B2A-94F1-5D62A85C1D5F}.Release|Any CPU.Build.0 = Release|Any CPU
	EndGlobalSection
	GlobalSection(SolutionProperties) = preSolution
		HideSolutionNode = FALSE
	EndGlobalSection
	GlobalSection(ExtensibilityGlobals) = postSolution
		SolutionGuid = {B10449DC-0C59-4CCB-ADE6-203350548F70}
	EndGlobalSection
EndGlobal
